{
    "name": "prime-table",
    "version": "0.0.0-semantically-released",
    "lockfileVersion": 3,
    "requires": true,
    "packages": {
        "": {
            "name": "prime-table",
            "version": "0.0.0-semantically-released",
            "peerDependencies": {
                "@angular/common": "^6.0.0-rc.0 || ^6.0.0 || ^17.0.0",
                "@angular/core": "^6.0.0-rc.0 || ^6.0.0 || ^17.0.0",
                "@angular/forms": "^6.0.0-rc.0 || ^6.0.0 || ^17.0.0",
                "@fortawesome/fontawesome-free": "^5.4.1",
                "bootstrap": "^4.1.3",
                "primeicons": "^1.0.0-beta.10",
                "primeng": "^6.1.3"
            }
        },
        "node_modules/@angular/common": {
            "version": "17.0.1",
            "resolved": "https://registry.npmjs.org/@angular/common/-/common-17.0.1.tgz",
            "integrity": "sha512-AvvhZc+PhX5lVEW/Vorxe3Zf1rIEJJvfduRuRv+nsjijo3ZGjdgYjTYEx4ighZgH60RLIAuwyBE24gPkT2Pm7g==",
            "peer": true,
            "dependencies": {
                "tslib": "^2.3.0"
            },
            "engines": {
                "node": "^18.13.0 || >=20.9.0"
            },
            "peerDependencies": {
                "@angular/core": "17.0.1",
                "rxjs": "^6.5.3 || ^7.4.0"
            }
        },
        "node_modules/@angular/core": {
            "version": "17.0.1",
            "resolved": "https://registry.npmjs.org/@angular/core/-/core-17.0.1.tgz",
            "integrity": "sha512-yVwU+oz0G8g6Q5ORyOCpgqMPdSiCdfW+uQhjI37WROnXHja3jY843AqrYTKE6mMx1r6q9h1wbDy+x2E61OWP7A==",
            "peer": true,
            "dependencies": {
                "tslib": "^2.3.0"
            },
            "engines": {
                "node": "^18.13.0 || >=20.9.0"
            },
            "peerDependencies": {
                "rxjs": "^6.5.3 || ^7.4.0",
                "zone.js": "~0.14.0"
            }
        },
        "node_modules/@angular/forms": {
            "version": "17.0.1",
            "resolved": "https://registry.npmjs.org/@angular/forms/-/forms-17.0.1.tgz",
            "integrity": "sha512-FpmUf2kgzwZXVbFB4VrwbnrO0m88QLUBsDsbLfQVQQwb7KxwSaftUu/aIrjst1gFCdl9k0Vqtrq2gwLZKzdSGQ==",
            "peer": true,
            "dependencies": {
                "tslib": "^2.3.0"
            },
            "engines": {
                "node": "^18.13.0 || >=20.9.0"
            },
            "peerDependencies": {
                "@angular/common": "17.0.1",
                "@angular/core": "17.0.1",
                "@angular/platform-browser": "17.0.1",
                "rxjs": "^6.5.3 || ^7.4.0"
            }
        },
        "node_modules/@angular/platform-browser": {
            "version": "17.0.1",
            "resolved": "https://registry.npmjs.org/@angular/platform-browser/-/platform-browser-17.0.1.tgz",
            "integrity": "sha512-JpvU0YDEM5KYdHtxC0Kdzk/hdwvZPq5vju5lTmIjTVa2OOabApOrQ6cq1MpKlrvjv1rw8MClHIM0l5Y0g9KH5g==",
            "peer": true,
            "dependencies": {
                "tslib": "^2.3.0"
            },
            "engines": {
                "node": "^18.13.0 || >=20.9.0"
            },
            "peerDependencies": {
                "@angular/animations": "17.0.1",
                "@angular/common": "17.0.1",
                "@angular/core": "17.0.1"
            },
            "peerDependenciesMeta": {
                "@angular/animations": {
                    "optional": true
                }
            }
        },
        "node_modules/@fortawesome/fontawesome-free": {
            "version": "5.15.4",
            "resolved": "https://registry.npmjs.org/@fortawesome/fontawesome-free/-/fontawesome-free-5.15.4.tgz",
            "integrity": "sha512-eYm8vijH/hpzr/6/1CJ/V/Eb1xQFW2nnUKArb3z+yUWv7HTwj6M7SP957oMjfZjAHU6qpoNc2wQvIxBLWYa/Jg==",
            "hasInstallScript": true,
            "peer": true,
            "engines": {
                "node": ">=6"
            }
        },
        "node_modules/bootstrap": {
            "version": "4.6.2",
            "resolved": "https://registry.npmjs.org/bootstrap/-/bootstrap-4.6.2.tgz",
            "integrity": "sha512-51Bbp/Uxr9aTuy6ca/8FbFloBUJZLHwnhTcnjIeRn2suQWsWzcuJhGjKDB5eppVte/8oCdOL3VuwxvZDUggwGQ==",
            "funding": [
                {
                    "type": "github",
                    "url": "https://github.com/sponsors/twbs"
                },
                {
                    "type": "opencollective",
                    "url": "https://opencollective.com/bootstrap"
                }
            ],
            "peer": true,
            "peerDependencies": {
                "jquery": "1.9.1 - 3",
                "popper.js": "^1.16.1"
            }
        },
        "node_modules/jquery": {
            "version": "3.7.1",
            "resolved": "https://registry.npmjs.org/jquery/-/jquery-3.7.1.tgz",
            "integrity": "sha512-m4avr8yL8kmFN8psrbFFFmB/If14iN5o9nw/NgnnM+kybDJpRsAynV2BsfpTYrTRysYUdADVD7CkUUizgkpLfg==",
            "peer": true
        },
        "node_modules/popper.js": {
            "version": "1.16.1",
            "resolved": "https://registry.npmjs.org/popper.js/-/popper.js-1.16.1.tgz",
            "integrity": "sha512-Wb4p1J4zyFTbM+u6WuO4XstYx4Ky9Cewe4DWrel7B0w6VVICvPwdOpotjzcf6eD8TsckVnIMNONQyPIUFOUbCQ==",
            "deprecated": "You can find the new Popper v2 at @popperjs/core, this package is dedicated to the legacy v1",
            "peer": true,
            "funding": {
                "type": "opencollective",
                "url": "https://opencollective.com/popperjs"
            }
        },
        "node_modules/primeicons": {
            "version": "1.0.0",
            "resolved": "https://registry.npmjs.org/primeicons/-/primeicons-1.0.0.tgz",
            "integrity": "sha512-p/hzIjUVccW4eJPhuORHI3AUkDpqfvCQVrjxbFEejnTEdWY4C8fomVfjiaA9jCu83fSQnBHuRIGB96iAR8R6uA==",
            "peer": true
        },
        "node_modules/primeng": {
            "version": "6.1.7",
            "resolved": "https://registry.npmjs.org/primeng/-/primeng-6.1.7.tgz",
            "integrity": "sha512-yns96Qlq8TVpVf9Gi08Z+faYX2OF9GNOvQGMz5v0R/lV8B1IPxddQPKqN/C09iB99W5xszJbDiS0yBOxuVFUhg==",
            "peer": true
        },
        "node_modules/rxjs": {
            "version": "7.8.1",
            "resolved": "https://registry.npmjs.org/rxjs/-/rxjs-7.8.1.tgz",
            "integrity": "sha512-AA3TVj+0A2iuIoQkWEK/tqFjBq2j+6PO6Y0zJcvzLAFhEFIO3HL0vls9hWLncZbAAbK0mar7oZ4V079I/qPMxg==",
            "peer": true,
            "dependencies": {
                "tslib": "^2.1.0"
            }
        },
        "node_modules/tslib": {
            "version": "2.6.2",
            "resolved": "https://registry.npmjs.org/tslib/-/tslib-2.6.2.tgz",
            "integrity": "sha512-AEYxH93jGFPn/a2iVAwW87VuUIkR1FVUKB77NwMF7nBTDkDrrT/Hpt/IrCJ0QXhW27jTBDcf5ZY7w6RiqTMw2Q==",
            "peer": true
        },
        "node_modules/zone.js": {
            "version": "0.14.2",
            "resolved": "https://registry.npmjs.org/zone.js/-/zone.js-0.14.2.tgz",
            "integrity": "sha512-X4U7J1isDhoOmHmFWiLhloWc2lzMkdnumtfQ1LXzf/IOZp5NQYuMUTaviVzG/q1ugMBIXzin2AqeVJUoSEkNyQ==",
            "peer": true,
            "dependencies": {
                "tslib": "^2.3.0"
            }
        }
    }
}
